
Microsoft Visual Studio Solution File, Format Version 12.00
# Visual Studio Version 17
VisualStudioVersion = 17.4.33205.214
MinimumVisualStudioVersion = 10.0.40219.1
Project("{FAE04EC0-301F-11D3-BF4B-00C04F79EFBC}") = "WinFormsApp1", "WinFormsApp1.csproj", "{B72AB836-BC6F-43C2-B7A3-07671A01783E}"
EndProject
Global
	GlobalSection(SolutionConfigurationPlatforms) = preSolution
		Debug|Any CPU = Debug|Any CPU
		Release|Any CPU = Release|Any CPU
	EndGlobalSection
	GlobalSection(ProjectConfigurationPlatforms) = postSolution
		{B72AB836-BC6F-43C2-B7A3-07671A01783E}.Debug|Any CPU.ActiveCfg = Debug|Any CPU
		{B72AB836-BC6F-43C2-B7A3-07671A01783E}.Debug|Any CPU.Build.0 = Debug|Any CPU
		{B72AB836-BC6F-43C2-B7A3-07671A01783E}.Release|Any CPU.ActiveCfg = Release|Any CPU
		{B72AB836-BC6F-43C2-B7A3-07671A01783E}.Release|Any CPU.Build.0 = Release|Any CPU
	EndGlobalSection
	GlobalSection(SolutionProperties) = preSolution
		HideSolutionNode = FALSE
	EndGlobalSection
	GlobalSection(ExtensibilityGlobals) = postSolution
		SolutionGuid = {8A009BD6-DEBB-4525-9429-0F2E1DF0E8D7}
	EndGlobalSection
EndGlobal
